// !$*UTF8*$!
{
	archiveVersion = 1;
	classes = {
	};
	objectVersion = 46;
	objects = {

/* Begin PBXBuildFile section */
		82F0CA851ED440BB004E8B87 /* AppDelegate.swift in Sources */ = {isa = PBXBuildFile; fileRef = 82F0CA841ED440BB004E8B87 /* AppDelegate.swift */; };
		82F0CA871ED440BB004E8B87 /* ViewController.swift in Sources */ = {isa = PBXBuildFile; fileRef = 82F0CA861ED440BB004E8B87 /* ViewController.swift */; };
		82F0CA8A1ED440BB004E8B87 /* Main.storyboard in Resources */ = {isa = PBXBuildFile; fileRef = 82F0CA881ED440BB004E8B87 /* Main.storyboard */; };
		82F0CA8C1ED440BB004E8B87 /* Assets.xcassets in Resources */ = {isa = PBXBuildFile; fileRef = 82F0CA8B1ED440BB004E8B87 /* Assets.xcassets */; };
		82F0CA8F1ED440BB004E8B87 /* LaunchScreen.storyboard in Resources */ = {isa = PBXBuildFile; fileRef = 82F0CA8D1ED440BB004E8B87 /* LaunchScreen.storyboard */; };
/* End PBXBuildFile section */

/* Begin PBXFileReference section */
		82F0CA811ED440BB004E8B87 /* ScrollViewWithAutoLayout.app */ = {isa = PBXFileReference; explicitFileType = wrapper.application; includeInIndex = 0; path = ScrollViewWithAutoLayout.app; sourceTree = BUILT_PRODUCTS_DIR; };
		82F0CA841ED440BB004E8B87 /* AppDelegate.swift */ = {isa = PBXFileReference; lastKnownFileType = sourcecode.swift; path = AppDelegate.swift; sourceTree = "<group>"; };
		82F0CA861ED440BB004E8B87 /* ViewController.swift */ = {isa = PBXFileReference; lastKnownFileType = sourcecode.swift; path = ViewController.swift; sourceTree = "<group>"; };
		82F0CA891ED440BB004E8B87 /* Base */ = {isa = PBXFileReference; lastKnownFileType = file.storyboard; name = Base; path = Base.lproj/Main.storyboard; sourceTree = "<group>"; };
		82F0CA8B1ED440BB004E8B87 /* Assets.xcassets */ = {isa = PBXFileReference; lastKnownFileType = folder.assetcatalog; path = Assets.xcassets; sourceTree = "<group>"; };
		82F0CA8E1ED440BB004E8B87 /* Base */ = {isa = PBXFileReference; lastKnownFileType = file.storyboard; name = Base; path = Base.lproj/LaunchScreen.storyboard; sourceTree = "<group>"; };
		82F0CA901ED440BB004E8B87 /* Info.plist */ = {isa = PBXFileReference; lastKnownFileType = text.plist.xml; path = Info.plist; sourceTree = "<group>"; };
/* End PBXFileReference section */

/* Begin PBXFrameworksBuildPhase section */
		82F0CA7E1ED440BB004E8B87 /* Frameworks */ = {
			isa = PBXFrameworksBuildPhase;
			buildActionMask = 2147483647;
			files = (
			);
			runOnlyForDeploymentPostprocessing = 0;
		};
/* End PBXFrameworksBuildPhase section */

/* Begin PBXGroup section */
		82F0CA781ED440BB004E8B87 = {
			isa = PBXGroup;
			children = (
				82F0CA831ED440BB004E8B87 /* ScrollViewWithAutoLayout */,
				82F0CA821ED440BB004E8B87 /* Products */,
			);
			sourceTree = "<group>";
		};
		82F0CA821ED440BB004E8B87 /* Products */ = {
			isa = PBXGroup;
			children = (
				82F0CA811ED440BB004E8B87 /* ScrollViewWithAutoLayout.app */,
			);
			name = Products;
			sourceTree = "<group>";
		};
		82F0CA831ED440BB004E8B87 /* ScrollViewWithAutoLayout */ = {
			isa = PBXGroup;
			children = (
				82F0CA841ED440BB004E8B87 /* AppDelegate.swift */,
				82F0CA861ED440BB004E8B87 /* ViewController.swift */,
				82F0CA881ED440BB004E8B87 /* Main.storyboard */,
				82F0CA8B1ED440BB004E8B87 /* Assets.xcassets */,
				82F0CA8D1ED440BB004E8B87 /* LaunchScreen.storyboard */,
				82F0CA901ED440BB004E8B87 /* Info.plist */,
			);
			path = ScrollViewWithAutoLayout;
			sourceTree = "<group>";
		};
/* End PBXGroup section */

/* Begin PBXNativeTarget section */
		82F0CA801ED440BB004E8B87 /* ScrollViewWithAutoLayout */ = {
			isa = PBXNativeTarget;
			buildConfigurationList = 82F0CA931ED440BB004E8B87 /* Build configuration list for PBXNativeTarget "ScrollViewWithAutoLayout" */;
			buildPhases = (
				82F0CA7D1ED440BB004E8B87 /* Sources */,
				82F0CA7E1ED440BB004E8B87 /* Frameworks */,
				82F0CA7F1ED440BB004E8B87 /* Resources */,
			);
			buildRules = (
			);
			dependencies = (
			);
			name = ScrollViewWithAutoLayout;
			productName = ScrollViewWithAutoLayout;
			productReference = 82F0CA811ED440BB004E8B87 /* ScrollViewWithAutoLayout.app */;
			productType = "com.apple.product-type.application";
		};
/* End PBXNativeTarget section */

/* Begin PBXProject section */
		82F0CA791ED440BB004E8B87 /* Project object */ = {
			isa = PBXProject;
			attributes = {
				LastSwiftUpdateCheck = 0820;
				LastUpgradeCheck = 0820;
				ORGANIZATIONNAME = Nexgear;
				TargetAttributes = {
					82F0CA801ED440BB004E8B87 = {
						CreatedOnToolsVersion = 8.2.1;
						DevelopmentTeam = EX4B9ZED93;
						ProvisioningStyle = Automatic;
					};
				};
			};
			buildConfigurationList = 82F0CA7C1ED440BB004E8B87 /* Build configuration list for PBXProject "ScrollViewWithAutoLayout" */;
			compatibilityVersion = "Xcode 3.2";
			developmentRegion = English;
			hasScannedForEncodings = 0;
			knownRegions = (
				en,
				Base,
			);
			mainGroup = 82F0CA781ED440BB004E8B87;
			productRefGroup = 82F0CA821ED440BB004E8B87 /* Products */;
			projectDirPath = "";
			projectRoot = "";
			targets = (
				82F0CA801ED440BB004E8B87 /* ScrollViewWithAutoLayout */,
			);
		};
/* End PBXProject section */

/* Begin PBXResourcesBuildPhase section */
		82F0CA7F1ED440BB004E8B87 /* Resources */ = {
			isa = PBXResourcesBuildPhase;
			buildActionMask = 2147483647;
			files = (
				82F0CA8F1ED440BB004E8B87 /* LaunchScreen.storyboard in Resources */,
				82F0CA8C1ED440BB004E8B87 /* Assets.xcassets in Resources */,
				82F0CA8A1ED440BB004E8B87 /* Main.storyboard in Resources */,
			);
			runOnlyForDeploymentPostprocessing = 0;
		};
/* End PBXResourcesBuildPhase section */

/* Begin PBXSourcesBuildPhase section */
		82F0CA7D1ED440BB004E8B87 /* Sources */ = {
			isa = PBXSourcesBuildPhase;
			buildActionMask = 2147483647;
			files = (
				82F0CA871ED440BB004E8B87 /* ViewController.swift in Sources */,
				82F0CA851ED440BB004E8B87 /* AppDelegate.swift in Sources */,
			);
			runOnlyForDeploymentPostprocessing = 0;
		};
/* End PBXSourcesBuildPhase section */

/* Begin PBXVariantGroup section */
		82F0CA881ED440BB004E8B87 /* Main.storyboard */ = {
			isa = PBXVariantGroup;
			children = (
				82F0CA891ED440BB004E8B87 /* Base */,
			);
			name = Main.storyboard;
			sourceTree = "<group>";
		};
		82F0CA8D1ED440BB004E8B87 /* LaunchScreen.storyboard */ = {
			isa = PBXVariantGroup;
			children = (
				82F0CA8E1ED440BB004E8B87 /* Base */,
			);
			name = LaunchScreen.storyboard;
			sourceTree = "<group>";
		};
/* End PBXVariantGroup section */

/* Begin XCBuildConfiguration section */
		82F0CA911ED440BB004E8B87 /* Debug */ = {
			isa = XCBuildConfiguration;
			buildSettings = {
				ALWAYS_SEARCH_USER_PATHS = NO;
				CLANG_ANALYZER_NONNULL = YES;
				CLANG_CXX_LANGUAGE_STANDARD = "gnu++0x";
				CLANG_CXX_LIBRARY = "libc++";
				CLANG_ENABLE_MODULES = YES;
				CLANG_ENABLE_OBJC_ARC = YES;
				CLANG_WARN_BOOL_CONVERSION = YES;
				CLANG_WARN_CONSTANT_CONVERSION = YES;
				CLANG_WARN_DIRECT_OBJC_ISA_USAGE = YES_ERROR;
				CLANG_WARN_DOCUMENTATION_COMMENTS = YES;
				CLANG_WARN_EMPTY_BODY = YES;
				CLANG_WARN_ENUM_CONVERSION = YES;
				CLANG_WARN_INFINITE_RECURSION = YES;
				CLANG_WARN_INT_CONVERSION = YES;
				CLANG_WARN_OBJC_ROOT_CLASS = YES_ERROR;
				CLANG_WARN_SUSPICIOUS_MOVE = YES;
				CLANG_WARN_UNREACHABLE_CODE = YES;
				CLANG_WARN__DUPLICATE_METHOD_MATCH = YES;
				"CODE_SIGN_IDENTITY[sdk=iphoneos*]" = "iPhone Developer";
				COPY_PHASE_STRIP = NO;
				DEBUG_INFORMATION_FORMAT = dwarf;
				ENABLE_STRICT_OBJC_MSGSEND = YES;
				ENABLE_TESTABILITY = YES;
				GCC_C_LANGUAGE_STANDARD = gnu99;
				GCC_DYNAMIC_NO_PIC = NO;
				GCC_NO_COMMON_BLOCKS = YES;
				GCC_OPTIMIZATION_LEVEL = 0;
				GCC_PREPROCESSOR_DEFINITIONS = (
					"DEBUG=1",
					"$(inherited)",
				);
				GCC_WARN_64_TO_32_BIT_CONVERSION = YES;
				GCC_WARN_ABOUT_RETURN_TYPE = YES_ERROR;
				GCC_WARN_UNDECLARED_SELECTOR = YES;
				GCC_WARN_UNINITIALIZED_AUTOS = YES_AGGRESSIVE;
				GCC_WARN_UNUSED_FUNCTION = YES;
				GCC_WARN_UNUSED_VARIABLE = YES;
				IPHONEOS_DEPLOYMENT_TARGET = 10.2;
				MTL_ENABLE_DEBUG_INFO = YES;
				ONLY_ACTIVE_ARCH = YES;
				SDKROOT = iphoneos;
				SWIFT_ACTIVE_COMPILATION_CONDITIONS = DEBUG;
				SWIFT_OPTIMIZATION_LEVEL = "-Onone";
			};
			name = Debug;
		};
		82F0CA921ED440BB004E8B87 /* Release */ = {
			isa = XCBuildConfiguration;
			buildSettings = {
				ALWAYS_SEARCH_USER_PATHS = NO;
				CLANG_ANALYZER_NONNULL = YES;
				CLANG_CXX_LANGUAGE_STANDARD = "gnu++0x";
				CLANG_CXX_LIBRARY = "libc++";
				CLANG_ENABLE_MODULES = YES;
				CLANG_ENABLE_OBJC_ARC = YES;
				CLANG_WARN_BOOL_CONVERSION = YES;
				CLANG_WARN_CONSTANT_CONVERSION = YES;
				CLANG_WARN_DIRECT_OBJC_ISA_USAGE = YES_ERROR;
				CLANG_WARN_DOCUMENTATION_COMMENTS = YES;
				CLANG_WARN_EMPTY_BODY = YES;
				CLANG_WARN_ENUM_CONVERSION = YES;
				CLANG_WARN_INFINITE_RECURSION = YES;
				CLANG_WARN_INT_CONVERSION = YES;
				CLANG_WARN_OBJC_ROOT_CLASS = YES_ERROR;
				CLANG_WARN_SUSPICIOUS_MOVE = YES;
				CLANG_WARN_UNREACHABLE_CODE = YES;
				CLANG_WARN__DUPLICATE_METHOD_MATCH = YES;
				"CODE_SIGN_IDENTITY[sdk=iphoneos*]" = "iPhone Developer";
				COPY_PHASE_STRIP = NO;
				DEBUG_INFORMATION_FORMAT = "dwarf-with-dsym";
				ENABLE_NS_ASSERTIONS = NO;
				ENABLE_STRICT_OBJC_MSGSEND = YES;
				GCC_C_LANGUAGE_STANDARD = gnu99;
				GCC_NO_COMMON_BLOCKS = YES;
				GCC_WARN_64_TO_32_BIT_CONVERSION = YES;
				GCC_WARN_ABOUT_RETURN_TYPE = YES_ERROR;
				GCC_WARN_UNDECLARED_SELECTOR = YES;
				GCC_WARN_UNINITIALIZED_AUTOS = YES_AGGRESSIVE;
				GCC_WARN_UNUSED_FUNCTION = YES;
				GCC_WARN_UNUSED_VARIABLE = YES;
				IPHONEOS_DEPLOYMENT_TARGET = 10.2;
				MTL_ENABLE_DEBUG_INFO = NO;
				SDKROOT = iphoneos;
				SWIFT_OPTIMIZATION_LEVEL = "-Owholemodule";
				VALIDATE_PRODUCT = YES;
			};
			name = Release;
		};
		82F0CA941ED440BB004E8B87 /* Debug */ = {
			isa = XCBuildConfiguration;
			buildSettings = {
				ASSETCATALOG_COMPILER_APPICON_NAME = AppIcon;
				DEVELOPMENT_TEAM = EX4B9ZED93;
				INFOPLIST_FILE = ScrollViewWithAutoLayout/Info.plist;
				LD_RUNPATH_SEARCH_PATHS = "$(inherited) @executable_path/Frameworks";
				PRODUCT_BUNDLE_IDENTIFIER = com.nexgear.ScrollViewWithAutoLayout;
				PRODUCT_NAME = "$(TARGET_NAME)";
				SWIFT_VERSION = 3.0;
			};
			name = Debug;
		};
		82F0CA951ED440BB004E8B87 /* Release */ = {
			isa = XCBuildConfiguration;
			buildSettings = {
				ASSETCATALOG_COMPILER_APPICON_NAME = AppIcon;
				DEVELOPMENT_TEAM = EX4B9ZED93;
				INFOPLIST_FILE = ScrollViewWithAutoLayout/Info.plist;
				LD_RUNPATH_SEARCH_PATHS = "$(inherited) @executable_path/Frameworks";
				PRODUCT_BUNDLE_IDENTIFIER = com.nexgear.ScrollViewWithAutoLayout;
				PRODUCT_NAME = "$(TARGET_NAME)";
				SWIFT_VERSION = 3.0;
			};
			name = Release;
		};
/* End XCBuildConfiguration section */

/* Begin XCConfigurationList section */
		82F0CA7C1ED440BB004E8B87 /* Build configuration list for PBXProject "ScrollViewWithAutoLayout" */ = {
			isa = XCConfigurationList;
			buildConfigurations = (
				82F0CA911ED440BB004E8B87 /* Debug */,
				82F0CA921ED440BB004E8B87 /* Release */,
			);
			defaultConfigurationIsVisible = 0;
			defaultConfigurationName = Release;
		};
		82F0CA931ED440BB004E8B87 /* Build configuration list for PBXNativeTarget "ScrollViewWithAutoLayout" */ = {
			isa = XCConfigurationList;
			buildConfigurations = (
				82F0CA941ED440BB004E8B87 /* Debug */,
				82F0CA951ED440BB004E8B87 /* Release */,
			);
			defaultConfigurationIsVisible = 0;
		};
/* End XCConfigurationList section */
	};
	rootObject = 82F0CA791ED440BB004E8B87 /* Project object */;
}
