// !$*UTF8*$!
{
	archiveVersion = 1;
	classes = {
	};
	objectVersion = 46;
	objects = {

/* Begin PBXBuildFile section */
		82F0CA4B1ED423F0004E8B87 /* AppDelegate.swift in Sources */ = {isa = PBXBuildFile; fileRef = 82F0CA4A1ED423F0004E8B87 /* AppDelegate.swift */; };
		82F0CA4D1ED423F0004E8B87 /* ViewController.swift in Sources */ = {isa = PBXBuildFile; fileRef = 82F0CA4C1ED423F0004E8B87 /* ViewController.swift */; };
		82F0CA501ED423F0004E8B87 /* Main.storyboard in Resources */ = {isa = PBXBuildFile; fileRef = 82F0CA4E1ED423F0004E8B87 /* Main.storyboard */; };
		82F0CA521ED423F0004E8B87 /* Assets.xcassets in Resources */ = {isa = PBXBuildFile; fileRef = 82F0CA511ED423F0004E8B87 /* Assets.xcassets */; };
		82F0CA551ED423F0004E8B87 /* LaunchScreen.storyboard in Resources */ = {isa = PBXBuildFile; fileRef = 82F0CA531ED423F0004E8B87 /* LaunchScreen.storyboard */; };
		82F0CA601ED423F0004E8B87 /* scrollViewExampleTests.swift in Sources */ = {isa = PBXBuildFile; fileRef = 82F0CA5F1ED423F0004E8B87 /* scrollViewExampleTests.swift */; };
		82F0CA6B1ED423F0004E8B87 /* scrollViewExampleUITests.swift in Sources */ = {isa = PBXBuildFile; fileRef = 82F0CA6A1ED423F0004E8B87 /* scrollViewExampleUITests.swift */; };
/* End PBXBuildFile section */

/* Begin PBXContainerItemProxy section */
		82F0CA5C1ED423F0004E8B87 /* PBXContainerItemProxy */ = {
			isa = PBXContainerItemProxy;
			containerPortal = 82F0CA3F1ED423F0004E8B87 /* Project object */;
			proxyType = 1;
			remoteGlobalIDString = 82F0CA461ED423F0004E8B87;
			remoteInfo = scrollViewExample;
		};
		82F0CA671ED423F0004E8B87 /* PBXContainerItemProxy */ = {
			isa = PBXContainerItemProxy;
			containerPortal = 82F0CA3F1ED423F0004E8B87 /* Project object */;
			proxyType = 1;
			remoteGlobalIDString = 82F0CA461ED423F0004E8B87;
			remoteInfo = scrollViewExample;
		};
/* End PBXContainerItemProxy section */

/* Begin PBXFileReference section */
		82F0CA471ED423F0004E8B87 /* ScrollViewWithAutolayout.app */ = {isa = PBXFileReference; explicitFileType = wrapper.application; includeInIndex = 0; path = ScrollViewWithAutolayout.app; sourceTree = BUILT_PRODUCTS_DIR; };
		82F0CA4A1ED423F0004E8B87 /* AppDelegate.swift */ = {isa = PBXFileReference; lastKnownFileType = sourcecode.swift; path = AppDelegate.swift; sourceTree = "<group>"; };
		82F0CA4C1ED423F0004E8B87 /* ViewController.swift */ = {isa = PBXFileReference; lastKnownFileType = sourcecode.swift; path = ViewController.swift; sourceTree = "<group>"; };
		82F0CA4F1ED423F0004E8B87 /* Base */ = {isa = PBXFileReference; lastKnownFileType = file.storyboard; name = Base; path = Base.lproj/Main.storyboard; sourceTree = "<group>"; };
		82F0CA511ED423F0004E8B87 /* Assets.xcassets */ = {isa = PBXFileReference; lastKnownFileType = folder.assetcatalog; path = Assets.xcassets; sourceTree = "<group>"; };
		82F0CA541ED423F0004E8B87 /* Base */ = {isa = PBXFileReference; lastKnownFileType = file.storyboard; name = Base; path = Base.lproj/LaunchScreen.storyboard; sourceTree = "<group>"; };
		82F0CA561ED423F0004E8B87 /* Info.plist */ = {isa = PBXFileReference; lastKnownFileType = text.plist.xml; path = Info.plist; sourceTree = "<group>"; };
		82F0CA5B1ED423F0004E8B87 /* ScrollViewWithAutolayoutTests.xctest */ = {isa = PBXFileReference; explicitFileType = wrapper.cfbundle; includeInIndex = 0; path = ScrollViewWithAutolayoutTests.xctest; sourceTree = BUILT_PRODUCTS_DIR; };
		82F0CA5F1ED423F0004E8B87 /* scrollViewExampleTests.swift */ = {isa = PBXFileReference; lastKnownFileType = sourcecode.swift; path = scrollViewExampleTests.swift; sourceTree = "<group>"; };
		82F0CA611ED423F0004E8B87 /* Info.plist */ = {isa = PBXFileReference; lastKnownFileType = text.plist.xml; path = Info.plist; sourceTree = "<group>"; };
		82F0CA661ED423F0004E8B87 /* ScrollViewWithAutolayoutUITests.xctest */ = {isa = PBXFileReference; explicitFileType = wrapper.cfbundle; includeInIndex = 0; path = ScrollViewWithAutolayoutUITests.xctest; sourceTree = BUILT_PRODUCTS_DIR; };
		82F0CA6A1ED423F0004E8B87 /* scrollViewExampleUITests.swift */ = {isa = PBXFileReference; lastKnownFileType = sourcecode.swift; path = scrollViewExampleUITests.swift; sourceTree = "<group>"; };
		82F0CA6C1ED423F0004E8B87 /* Info.plist */ = {isa = PBXFileReference; lastKnownFileType = text.plist.xml; path = Info.plist; sourceTree = "<group>"; };
/* End PBXFileReference section */

/* Begin PBXFrameworksBuildPhase section */
		82F0CA441ED423F0004E8B87 /* Frameworks */ = {
			isa = PBXFrameworksBuildPhase;
			buildActionMask = 2147483647;
			files = (
			);
			runOnlyForDeploymentPostprocessing = 0;
		};
		82F0CA581ED423F0004E8B87 /* Frameworks */ = {
			isa = PBXFrameworksBuildPhase;
			buildActionMask = 2147483647;
			files = (
			);
			runOnlyForDeploymentPostprocessing = 0;
		};
		82F0CA631ED423F0004E8B87 /* Frameworks */ = {
			isa = PBXFrameworksBuildPhase;
			buildActionMask = 2147483647;
			files = (
			);
			runOnlyForDeploymentPostprocessing = 0;
		};
/* End PBXFrameworksBuildPhase section */

/* Begin PBXGroup section */
		82F0CA3E1ED423EF004E8B87 = {
			isa = PBXGroup;
			children = (
				82F0CA491ED423F0004E8B87 /* ScrollViewWithAutoLayout */,
				82F0CA5E1ED423F0004E8B87 /* ScrollViewWithAutoLayoutTests */,
				82F0CA691ED423F0004E8B87 /* ScrollViewWithAutoLayoutUITests */,
				82F0CA481ED423F0004E8B87 /* Products */,
			);
			sourceTree = "<group>";
		};
		82F0CA481ED423F0004E8B87 /* Products */ = {
			isa = PBXGroup;
			children = (
				82F0CA471ED423F0004E8B87 /* ScrollViewWithAutolayout.app */,
				82F0CA5B1ED423F0004E8B87 /* ScrollViewWithAutolayoutTests.xctest */,
				82F0CA661ED423F0004E8B87 /* ScrollViewWithAutolayoutUITests.xctest */,
			);
			name = Products;
			sourceTree = "<group>";
		};
		82F0CA491ED423F0004E8B87 /* ScrollViewWithAutoLayout */ = {
			isa = PBXGroup;
			children = (
				82F0CA4A1ED423F0004E8B87 /* AppDelegate.swift */,
				82F0CA4C1ED423F0004E8B87 /* ViewController.swift */,
				82F0CA4E1ED423F0004E8B87 /* Main.storyboard */,
				82F0CA511ED423F0004E8B87 /* Assets.xcassets */,
				82F0CA531ED423F0004E8B87 /* LaunchScreen.storyboard */,
				82F0CA561ED423F0004E8B87 /* Info.plist */,
			);
			name = ScrollViewWithAutoLayout;
			path = scrollViewExample;
			sourceTree = "<group>";
		};
		82F0CA5E1ED423F0004E8B87 /* ScrollViewWithAutoLayoutTests */ = {
			isa = PBXGroup;
			children = (
				82F0CA5F1ED423F0004E8B87 /* scrollViewExampleTests.swift */,
				82F0CA611ED423F0004E8B87 /* Info.plist */,
			);
			name = ScrollViewWithAutoLayoutTests;
			path = scrollViewExampleTests;
			sourceTree = "<group>";
		};
		82F0CA691ED423F0004E8B87 /* ScrollViewWithAutoLayoutUITests */ = {
			isa = PBXGroup;
			children = (
				82F0CA6A1ED423F0004E8B87 /* scrollViewExampleUITests.swift */,
				82F0CA6C1ED423F0004E8B87 /* Info.plist */,
			);
			name = ScrollViewWithAutoLayoutUITests;
			path = scrollViewExampleUITests;
			sourceTree = "<group>";
		};
/* End PBXGroup section */

/* Begin PBXNativeTarget section */
		82F0CA461ED423F0004E8B87 /* ScrollViewWithAutolayout */ = {
			isa = PBXNativeTarget;
			buildConfigurationList = 82F0CA6F1ED423F0004E8B87 /* Build configuration list for PBXNativeTarget "ScrollViewWithAutolayout" */;
			buildPhases = (
				82F0CA431ED423F0004E8B87 /* Sources */,
				82F0CA441ED423F0004E8B87 /* Frameworks */,
				82F0CA451ED423F0004E8B87 /* Resources */,
			);
			buildRules = (
			);
			dependencies = (
			);
			name = ScrollViewWithAutolayout;
			productName = scrollViewExample;
			productReference = 82F0CA471ED423F0004E8B87 /* ScrollViewWithAutolayout.app */;
			productType = "com.apple.product-type.application";
		};
		82F0CA5A1ED423F0004E8B87 /* ScrollViewWithAutolayoutTests */ = {
			isa = PBXNativeTarget;
			buildConfigurationList = 82F0CA721ED423F0004E8B87 /* Build configuration list for PBXNativeTarget "ScrollViewWithAutolayoutTests" */;
			buildPhases = (
				82F0CA571ED423F0004E8B87 /* Sources */,
				82F0CA581ED423F0004E8B87 /* Frameworks */,
				82F0CA591ED423F0004E8B87 /* Resources */,
			);
			buildRules = (
			);
			dependencies = (
				82F0CA5D1ED423F0004E8B87 /* PBXTargetDependency */,
			);
			name = ScrollViewWithAutolayoutTests;
			productName = scrollViewExampleTests;
			productReference = 82F0CA5B1ED423F0004E8B87 /* ScrollViewWithAutolayoutTests.xctest */;
			productType = "com.apple.product-type.bundle.unit-test";
		};
		82F0CA651ED423F0004E8B87 /* ScrollViewWithAutolayoutUITests */ = {
			isa = PBXNativeTarget;
			buildConfigurationList = 82F0CA751ED423F0004E8B87 /* Build configuration list for PBXNativeTarget "ScrollViewWithAutolayoutUITests" */;
			buildPhases = (
				82F0CA621ED423F0004E8B87 /* Sources */,
				82F0CA631ED423F0004E8B87 /* Frameworks */,
				82F0CA641ED423F0004E8B87 /* Resources */,
			);
			buildRules = (
			);
			dependencies = (
				82F0CA681ED423F0004E8B87 /* PBXTargetDependency */,
			);
			name = ScrollViewWithAutolayoutUITests;
			productName = scrollViewExampleUITests;
			productReference = 82F0CA661ED423F0004E8B87 /* ScrollViewWithAutolayoutUITests.xctest */;
			productType = "com.apple.product-type.bundle.ui-testing";
		};
/* End PBXNativeTarget section */

/* Begin PBXProject section */
		82F0CA3F1ED423F0004E8B87 /* Project object */ = {
			isa = PBXProject;
			attributes = {
				LastSwiftUpdateCheck = 0820;
				LastUpgradeCheck = 0820;
				ORGANIZATIONNAME = Nexgear;
				TargetAttributes = {
					82F0CA461ED423F0004E8B87 = {
						CreatedOnToolsVersion = 8.2.1;
						DevelopmentTeam = EX4B9ZED93;
						ProvisioningStyle = Automatic;
					};
					82F0CA5A1ED423F0004E8B87 = {
						CreatedOnToolsVersion = 8.2.1;
						DevelopmentTeam = EX4B9ZED93;
						ProvisioningStyle = Automatic;
						TestTargetID = 82F0CA461ED423F0004E8B87;
					};
					82F0CA651ED423F0004E8B87 = {
						CreatedOnToolsVersion = 8.2.1;
						DevelopmentTeam = EX4B9ZED93;
						ProvisioningStyle = Automatic;
						TestTargetID = 82F0CA461ED423F0004E8B87;
					};
				};
			};
			buildConfigurationList = 82F0CA421ED423F0004E8B87 /* Build configuration list for PBXProject "ScrollViewWithAutoLayout" */;
			compatibilityVersion = "Xcode 3.2";
			developmentRegion = English;
			hasScannedForEncodings = 0;
			knownRegions = (
				en,
				Base,
			);
			mainGroup = 82F0CA3E1ED423EF004E8B87;
			productRefGroup = 82F0CA481ED423F0004E8B87 /* Products */;
			projectDirPath = "";
			projectRoot = "";
			targets = (
				82F0CA461ED423F0004E8B87 /* ScrollViewWithAutolayout */,
				82F0CA5A1ED423F0004E8B87 /* ScrollViewWithAutolayoutTests */,
				82F0CA651ED423F0004E8B87 /* ScrollViewWithAutolayoutUITests */,
			);
		};
/* End PBXProject section */

/* Begin PBXResourcesBuildPhase section */
		82F0CA451ED423F0004E8B87 /* Resources */ = {
			isa = PBXResourcesBuildPhase;
			buildActionMask = 2147483647;
			files = (
				82F0CA551ED423F0004E8B87 /* LaunchScreen.storyboard in Resources */,
				82F0CA521ED423F0004E8B87 /* Assets.xcassets in Resources */,
				82F0CA501ED423F0004E8B87 /* Main.storyboard in Resources */,
			);
			runOnlyForDeploymentPostprocessing = 0;
		};
		82F0CA591ED423F0004E8B87 /* Resources */ = {
			isa = PBXResourcesBuildPhase;
			buildActionMask = 2147483647;
			files = (
			);
			runOnlyForDeploymentPostprocessing = 0;
		};
		82F0CA641ED423F0004E8B87 /* Resources */ = {
			isa = PBXResourcesBuildPhase;
			buildActionMask = 2147483647;
			files = (
			);
			runOnlyForDeploymentPostprocessing = 0;
		};
/* End PBXResourcesBuildPhase section */

/* Begin PBXSourcesBuildPhase section */
		82F0CA431ED423F0004E8B87 /* Sources */ = {
			isa = PBXSourcesBuildPhase;
			buildActionMask = 2147483647;
			files = (
				82F0CA4D1ED423F0004E8B87 /* ViewController.swift in Sources */,
				82F0CA4B1ED423F0004E8B87 /* AppDelegate.swift in Sources */,
			);
			runOnlyForDeploymentPostprocessing = 0;
		};
		82F0CA571ED423F0004E8B87 /* Sources */ = {
			isa = PBXSourcesBuildPhase;
			buildActionMask = 2147483647;
			files = (
				82F0CA601ED423F0004E8B87 /* scrollViewExampleTests.swift in Sources */,
			);
			runOnlyForDeploymentPostprocessing = 0;
		};
		82F0CA621ED423F0004E8B87 /* Sources */ = {
			isa = PBXSourcesBuildPhase;
			buildActionMask = 2147483647;
			files = (
				82F0CA6B1ED423F0004E8B87 /* scrollViewExampleUITests.swift in Sources */,
			);
			runOnlyForDeploymentPostprocessing = 0;
		};
/* End PBXSourcesBuildPhase section */

/* Begin PBXTargetDependency section */
		82F0CA5D1ED423F0004E8B87 /* PBXTargetDependency */ = {
			isa = PBXTargetDependency;
			target = 82F0CA461ED423F0004E8B87 /* ScrollViewWithAutolayout */;
			targetProxy = 82F0CA5C1ED423F0004E8B87 /* PBXContainerItemProxy */;
		};
		82F0CA681ED423F0004E8B87 /* PBXTargetDependency */ = {
			isa = PBXTargetDependency;
			target = 82F0CA461ED423F0004E8B87 /* ScrollViewWithAutolayout */;
			targetProxy = 82F0CA671ED423F0004E8B87 /* PBXContainerItemProxy */;
		};
/* End PBXTargetDependency section */

/* Begin PBXVariantGroup section */
		82F0CA4E1ED423F0004E8B87 /* Main.storyboard */ = {
			isa = PBXVariantGroup;
			children = (
				82F0CA4F1ED423F0004E8B87 /* Base */,
			);
			name = Main.storyboard;
			sourceTree = "<group>";
		};
		82F0CA531ED423F0004E8B87 /* LaunchScreen.storyboard */ = {
			isa = PBXVariantGroup;
			children = (
				82F0CA541ED423F0004E8B87 /* Base */,
			);
			name = LaunchScreen.storyboard;
			sourceTree = "<group>";
		};
/* End PBXVariantGroup section */

/* Begin XCBuildConfiguration section */
		82F0CA6D1ED423F0004E8B87 /* Debug */ = {
			isa = XCBuildConfiguration;
			buildSettings = {
				ALWAYS_SEARCH_USER_PATHS = NO;
				CLANG_ANALYZER_NONNULL = YES;
				CLANG_CXX_LANGUAGE_STANDARD = "gnu++0x";
				CLANG_CXX_LIBRARY = "libc++";
				CLANG_ENABLE_MODULES = YES;
				CLANG_ENABLE_OBJC_ARC = YES;
				CLANG_WARN_BOOL_CONVERSION = YES;
				CLANG_WARN_CONSTANT_CONVERSION = YES;
				CLANG_WARN_DIRECT_OBJC_ISA_USAGE = YES_ERROR;
				CLANG_WARN_DOCUMENTATION_COMMENTS = YES;
				CLANG_WARN_EMPTY_BODY = YES;
				CLANG_WARN_ENUM_CONVERSION = YES;
				CLANG_WARN_INFINITE_RECURSION = YES;
				CLANG_WARN_INT_CONVERSION = YES;
				CLANG_WARN_OBJC_ROOT_CLASS = YES_ERROR;
				CLANG_WARN_SUSPICIOUS_MOVE = YES;
				CLANG_WARN_UNREACHABLE_CODE = YES;
				CLANG_WARN__DUPLICATE_METHOD_MATCH = YES;
				"CODE_SIGN_IDENTITY[sdk=iphoneos*]" = "iPhone Developer";
				COPY_PHASE_STRIP = NO;
				DEBUG_INFORMATION_FORMAT = dwarf;
				ENABLE_STRICT_OBJC_MSGSEND = YES;
				ENABLE_TESTABILITY = YES;
				GCC_C_LANGUAGE_STANDARD = gnu99;
				GCC_DYNAMIC_NO_PIC = NO;
				GCC_NO_COMMON_BLOCKS = YES;
				GCC_OPTIMIZATION_LEVEL = 0;
				GCC_PREPROCESSOR_DEFINITIONS = (
					"DEBUG=1",
					"$(inherited)",
				);
				GCC_WARN_64_TO_32_BIT_CONVERSION = YES;
				GCC_WARN_ABOUT_RETURN_TYPE = YES_ERROR;
				GCC_WARN_UNDECLARED_SELECTOR = YES;
				GCC_WARN_UNINITIALIZED_AUTOS = YES_AGGRESSIVE;
				GCC_WARN_UNUSED_FUNCTION = YES;
				GCC_WARN_UNUSED_VARIABLE = YES;
				IPHONEOS_DEPLOYMENT_TARGET = 10.2;
				MTL_ENABLE_DEBUG_INFO = YES;
				ONLY_ACTIVE_ARCH = YES;
				SDKROOT = iphoneos;
				SWIFT_ACTIVE_COMPILATION_CONDITIONS = DEBUG;
				SWIFT_OPTIMIZATION_LEVEL = "-Onone";
			};
			name = Debug;
		};
		82F0CA6E1ED423F0004E8B87 /* Release */ = {
			isa = XCBuildConfiguration;
			buildSettings = {
				ALWAYS_SEARCH_USER_PATHS = NO;
				CLANG_ANALYZER_NONNULL = YES;
				CLANG_CXX_LANGUAGE_STANDARD = "gnu++0x";
				CLANG_CXX_LIBRARY = "libc++";
				CLANG_ENABLE_MODULES = YES;
				CLANG_ENABLE_OBJC_ARC = YES;
				CLANG_WARN_BOOL_CONVERSION = YES;
				CLANG_WARN_CONSTANT_CONVERSION = YES;
				CLANG_WARN_DIRECT_OBJC_ISA_USAGE = YES_ERROR;
				CLANG_WARN_DOCUMENTATION_COMMENTS = YES;
				CLANG_WARN_EMPTY_BODY = YES;
				CLANG_WARN_ENUM_CONVERSION = YES;
				CLANG_WARN_INFINITE_RECURSION = YES;
				CLANG_WARN_INT_CONVERSION = YES;
				CLANG_WARN_OBJC_ROOT_CLASS = YES_ERROR;
				CLANG_WARN_SUSPICIOUS_MOVE = YES;
				CLANG_WARN_UNREACHABLE_CODE = YES;
				CLANG_WARN__DUPLICATE_METHOD_MATCH = YES;
				"CODE_SIGN_IDENTITY[sdk=iphoneos*]" = "iPhone Developer";
				COPY_PHASE_STRIP = NO;
				DEBUG_INFORMATION_FORMAT = "dwarf-with-dsym";
				ENABLE_NS_ASSERTIONS = NO;
				ENABLE_STRICT_OBJC_MSGSEND = YES;
				GCC_C_LANGUAGE_STANDARD = gnu99;
				GCC_NO_COMMON_BLOCKS = YES;
				GCC_WARN_64_TO_32_BIT_CONVERSION = YES;
				GCC_WARN_ABOUT_RETURN_TYPE = YES_ERROR;
				GCC_WARN_UNDECLARED_SELECTOR = YES;
				GCC_WARN_UNINITIALIZED_AUTOS = YES_AGGRESSIVE;
				GCC_WARN_UNUSED_FUNCTION = YES;
				GCC_WARN_UNUSED_VARIABLE = YES;
				IPHONEOS_DEPLOYMENT_TARGET = 10.2;
				MTL_ENABLE_DEBUG_INFO = NO;
				SDKROOT = iphoneos;
				SWIFT_OPTIMIZATION_LEVEL = "-Owholemodule";
				VALIDATE_PRODUCT = YES;
			};
			name = Release;
		};
		82F0CA701ED423F0004E8B87 /* Debug */ = {
			isa = XCBuildConfiguration;
			buildSettings = {
				ASSETCATALOG_COMPILER_APPICON_NAME = AppIcon;
				DEVELOPMENT_TEAM = EX4B9ZED93;
				INFOPLIST_FILE = scrollViewExample/Info.plist;
				LD_RUNPATH_SEARCH_PATHS = "$(inherited) @executable_path/Frameworks";
				PRODUCT_BUNDLE_IDENTIFIER = com.nexgear.ScrollViewWithAutoLayout;
				PRODUCT_NAME = "$(TARGET_NAME)";
				SWIFT_VERSION = 3.0;
			};
			name = Debug;
		};
		82F0CA711ED423F0004E8B87 /* Release */ = {
			isa = XCBuildConfiguration;
			buildSettings = {
				ASSETCATALOG_COMPILER_APPICON_NAME = AppIcon;
				DEVELOPMENT_TEAM = EX4B9ZED93;
				INFOPLIST_FILE = scrollViewExample/Info.plist;
				LD_RUNPATH_SEARCH_PATHS = "$(inherited) @executable_path/Frameworks";
				PRODUCT_BUNDLE_IDENTIFIER = com.nexgear.ScrollViewWithAutoLayout;
				PRODUCT_NAME = "$(TARGET_NAME)";
				SWIFT_VERSION = 3.0;
			};
			name = Release;
		};
		82F0CA731ED423F0004E8B87 /* Debug */ = {
			isa = XCBuildConfiguration;
			buildSettings = {
				ALWAYS_EMBED_SWIFT_STANDARD_LIBRARIES = YES;
				BUNDLE_LOADER = "$(TEST_HOST)";
				DEVELOPMENT_TEAM = EX4B9ZED93;
				INFOPLIST_FILE = scrollViewExampleTests/Info.plist;
				LD_RUNPATH_SEARCH_PATHS = "$(inherited) @executable_path/Frameworks @loader_path/Frameworks";
				PRODUCT_BUNDLE_IDENTIFIER = com.nexgear.scrollViewExampleTests;
				PRODUCT_NAME = "$(TARGET_NAME)";
				SWIFT_VERSION = 3.0;
				TEST_HOST = "$(BUILT_PRODUCTS_DIR)/ScrollViewWithAutoLayout.temp_caseinsensitive_rename.app/ScrollViewWithAutoLayout.temp_caseinsensitive_rename";
			};
			name = Debug;
		};
		82F0CA741ED423F0004E8B87 /* Release */ = {
			isa = XCBuildConfiguration;
			buildSettings = {
				ALWAYS_EMBED_SWIFT_STANDARD_LIBRARIES = YES;
				BUNDLE_LOADER = "$(TEST_HOST)";
				DEVELOPMENT_TEAM = EX4B9ZED93;
				INFOPLIST_FILE = scrollViewExampleTests/Info.plist;
				LD_RUNPATH_SEARCH_PATHS = "$(inherited) @executable_path/Frameworks @loader_path/Frameworks";
				PRODUCT_BUNDLE_IDENTIFIER = com.nexgear.scrollViewExampleTests;
				PRODUCT_NAME = "$(TARGET_NAME)";
				SWIFT_VERSION = 3.0;
				TEST_HOST = "$(BUILT_PRODUCTS_DIR)/ScrollViewWithAutoLayout.temp_caseinsensitive_rename.app/ScrollViewWithAutoLayout.temp_caseinsensitive_rename";
			};
			name = Release;
		};
		82F0CA761ED423F0004E8B87 /* Debug */ = {
			isa = XCBuildConfiguration;
			buildSettings = {
				ALWAYS_EMBED_SWIFT_STANDARD_LIBRARIES = YES;
				DEVELOPMENT_TEAM = EX4B9ZED93;
				INFOPLIST_FILE = scrollViewExampleUITests/Info.plist;
				LD_RUNPATH_SEARCH_PATHS = "$(inherited) @executable_path/Frameworks @loader_path/Frameworks";
				PRODUCT_BUNDLE_IDENTIFIER = com.nexgear.scrollViewExampleUITests;
				PRODUCT_NAME = "$(TARGET_NAME)";
				SWIFT_VERSION = 3.0;
				TEST_TARGET_NAME = scrollViewExample;
			};
			name = Debug;
		};
		82F0CA771ED423F0004E8B87 /* Release */ = {
			isa = XCBuildConfiguration;
			buildSettings = {
				ALWAYS_EMBED_SWIFT_STANDARD_LIBRARIES = YES;
				DEVELOPMENT_TEAM = EX4B9ZED93;
				INFOPLIST_FILE = scrollViewExampleUITests/Info.plist;
				LD_RUNPATH_SEARCH_PATHS = "$(inherited) @executable_path/Frameworks @loader_path/Frameworks";
				PRODUCT_BUNDLE_IDENTIFIER = com.nexgear.scrollViewExampleUITests;
				PRODUCT_NAME = "$(TARGET_NAME)";
				SWIFT_VERSION = 3.0;
				TEST_TARGET_NAME = scrollViewExample;
			};
			name = Release;
		};
/* End XCBuildConfiguration section */

/* Begin XCConfigurationList section */
		82F0CA421ED423F0004E8B87 /* Build configuration list for PBXProject "ScrollViewWithAutoLayout" */ = {
			isa = XCConfigurationList;
			buildConfigurations = (
				82F0CA6D1ED423F0004E8B87 /* Debug */,
				82F0CA6E1ED423F0004E8B87 /* Release */,
			);
			defaultConfigurationIsVisible = 0;
			defaultConfigurationName = Release;
		};
		82F0CA6F1ED423F0004E8B87 /* Build configuration list for PBXNativeTarget "ScrollViewWithAutolayout" */ = {
			isa = XCConfigurationList;
			buildConfigurations = (
				82F0CA701ED423F0004E8B87 /* Debug */,
				82F0CA711ED423F0004E8B87 /* Release */,
			);
			defaultConfigurationIsVisible = 0;
			defaultConfigurationName = Release;
		};
		82F0CA721ED423F0004E8B87 /* Build configuration list for PBXNativeTarget "ScrollViewWithAutolayoutTests" */ = {
			isa = XCConfigurationList;
			buildConfigurations = (
				82F0CA731ED423F0004E8B87 /* Debug */,
				82F0CA741ED423F0004E8B87 /* Release */,
			);
			defaultConfigurationIsVisible = 0;
			defaultConfigurationName = Release;
		};
		82F0CA751ED423F0004E8B87 /* Build configuration list for PBXNativeTarget "ScrollViewWithAutolayoutUITests" */ = {
			isa = XCConfigurationList;
			buildConfigurations = (
				82F0CA761ED423F0004E8B87 /* Debug */,
				82F0CA771ED423F0004E8B87 /* Release */,
			);
			defaultConfigurationIsVisible = 0;
			defaultConfigurationName = Release;
		};
/* End XCConfigurationList section */
	};
	rootObject = 82F0CA3F1ED423F0004E8B87 /* Project object */;
}
